
Microsoft Visual Studio Solution File, Format Version 12.00
# Visual Studio 15
VisualStudioVersion = 15.0.27004.2010
MinimumVisualStudioVersion = 10.0.40219.1
Project("{FAE04EC0-301F-11D3-BF4B-00C04F79EFBC}") = "CalculatorService.Server", "CalculatorService.Server\CalculatorService.Server.csproj", "{929C1F9B-F2E2-446B-973C-0E8C0B96A417}"
EndProject
Project("{FAE04EC0-301F-11D3-BF4B-00C04F79EFBC}") = "CalculatorService.Server.Tests", "CalculatorService.Server.Tests\CalculatorService.Server.Tests.csproj", "{374E833C-99DC-4AC4-8BDB-D3CCFBB6B3F0}"
EndProject
Project("{FAE04EC0-301F-11D3-BF4B-00C04F79EFBC}") = "CalculatorService.BusinessLayer", "CalculatorService.BusinessLayer\CalculatorService.BusinessLayer.csproj", "{6832F294-E8DF-495B-9031-81B3F9F578BF}"
EndProject
Project("{FAE04EC0-301F-11D3-BF4B-00C04F79EFBC}") = "CalculatorService.DataLayer", "CalculatorService.DataLayer\CalculatorService.DataLayer.csproj", "{ED62F81E-E98C-49CB-B990-BC8EFD15193B}"
EndProject
Project("{FAE04EC0-301F-11D3-BF4B-00C04F79EFBC}") = "Common", "Common\Common.csproj", "{3BBA6585-6D8F-4627-AAEA-A2075C1E2D7E}"
EndProject
Global
	GlobalSection(SolutionConfigurationPlatforms) = preSolution
		Debug|Any CPU = Debug|Any CPU
		Release|Any CPU = Release|Any CPU
	EndGlobalSection
	GlobalSection(ProjectConfigurationPlatforms) = postSolution
		{929C1F9B-F2E2-446B-973C-0E8C0B96A417}.Debug|Any CPU.ActiveCfg = Debug|Any CPU
		{929C1F9B-F2E2-446B-973C-0E8C0B96A417}.Debug|Any CPU.Build.0 = Debug|Any CPU
		{929C1F9B-F2E2-446B-973C-0E8C0B96A417}.Release|Any CPU.ActiveCfg = Release|Any CPU
		{929C1F9B-F2E2-446B-973C-0E8C0B96A417}.Release|Any CPU.Build.0 = Release|Any CPU
		{374E833C-99DC-4AC4-8BDB-D3CCFBB6B3F0}.Debug|Any CPU.ActiveCfg = Debug|Any CPU
		{374E833C-99DC-4AC4-8BDB-D3CCFBB6B3F0}.Debug|Any CPU.Build.0 = Debug|Any CPU
		{374E833C-99DC-4AC4-8BDB-D3CCFBB6B3F0}.Release|Any CPU.ActiveCfg = Release|Any CPU
		{374E833C-99DC-4AC4-8BDB-D3CCFBB6B3F0}.Release|Any CPU.Build.0 = Release|Any CPU
		{6832F294-E8DF-495B-9031-81B3F9F578BF}.Debug|Any CPU.ActiveCfg = Debug|Any CPU
		{6832F294-E8DF-495B-9031-81B3F9F578BF}.Debug|Any CPU.Build.0 = Debug|Any CPU
		{6832F294-E8DF-495B-9031-81B3F9F578BF}.Release|Any CPU.ActiveCfg = Release|Any CPU
		{6832F294-E8DF-495B-9031-81B3F9F578BF}.Release|Any CPU.Build.0 = Release|Any CPU
		{ED62F81E-E98C-49CB-B990-BC8EFD15193B}.Debug|Any CPU.ActiveCfg = Debug|Any CPU
		{ED62F81E-E98C-49CB-B990-BC8EFD15193B}.Debug|Any CPU.Build.0 = Debug|Any CPU
		{ED62F81E-E98C-49CB-B990-BC8EFD15193B}.Release|Any CPU.ActiveCfg = Release|Any CPU
		{ED62F81E-E98C-49CB-B990-BC8EFD15193B}.Release|Any CPU.Build.0 = Release|Any CPU
		{3BBA6585-6D8F-4627-AAEA-A2075C1E2D7E}.Debug|Any CPU.ActiveCfg = Debug|Any CPU
		{3BBA6585-6D8F-4627-AAEA-A2075C1E2D7E}.Debug|Any CPU.Build.0 = Debug|Any CPU
		{3BBA6585-6D8F-4627-AAEA-A2075C1E2D7E}.Release|Any CPU.ActiveCfg = Release|Any CPU
		{3BBA6585-6D8F-4627-AAEA-A2075C1E2D7E}.Release|Any CPU.Build.0 = Release|Any CPU
	EndGlobalSection
	GlobalSection(SolutionProperties) = preSolution
		HideSolutionNode = FALSE
	EndGlobalSection
	GlobalSection(ExtensibilityGlobals) = postSolution
		SolutionGuid = {10FFCC18-E162-49D7-8A9F-EB3570066F7F}
	EndGlobalSection
EndGlobal
